
Microsoft Visual Studio Solution File, Format Version 12.00
# Visual Studio Version 17
VisualStudioVersion = 17.14.36121.58 d17.14
MinimumVisualStudioVersion = 10.0.40219.1
Project("{FAE04EC0-301F-11D3-BF4B-00C04F79EFBC}") = "TyFlow Installer", "TyFlow Installer\TyFlow Installer.csproj", "{C968CD96-0232-46DF-9C00-292B8FF67B39}"
EndProject
Global
	GlobalSection(SolutionConfigurationPlatforms) = preSolution
		Debug|Any CPU = Debug|Any CPU
		Release|Any CPU = Release|Any CPU
	EndGlobalSection
	GlobalSection(ProjectConfigurationPlatforms) = postSolution
		{C968CD96-0232-46DF-9C00-292B8FF67B39}.Debug|Any CPU.ActiveCfg = Debug|Any CPU
		{C968CD96-0232-46DF-9C00-292B8FF67B39}.Debug|Any CPU.Build.0 = Debug|Any CPU
		{C968CD96-0232-46DF-9C00-292B8FF67B39}.Release|Any CPU.ActiveCfg = Release|Any CPU
		{C968CD96-0232-46DF-9C00-292B8FF67B39}.Release|Any CPU.Build.0 = Release|Any CPU
	EndGlobalSection
	GlobalSection(SolutionProperties) = preSolution
		HideSolutionNode = FALSE
	EndGlobalSection
	GlobalSection(ExtensibilityGlobals) = postSolution
		SolutionGuid = {B17BFAF2-DBEF-4AF0-81E2-6E143554CC40}
	EndGlobalSection
EndGlobal
